
Microsoft Visual Studio Solution File, Format Version 12.00
# Visual Studio Version 16
VisualStudioVersion = 16.0.30523.141
MinimumVisualStudioVersion = 10.0.40219.1
Project("{FAE04EC0-301F-11D3-BF4B-00C04F79EFBC}") = "UniqueMvc", "UniqueMvc\UniqueMvc.csproj", "{606334B0-40C6-47FE-88A9-FE31F5A85349}"
EndProject
Global
	GlobalSection(SolutionConfigurationPlatforms) = preSolution
		Debug|Any CPU = Debug|Any CPU
		Release|Any CPU = Release|Any CPU
	EndGlobalSection
	GlobalSection(ProjectConfigurationPlatforms) = postSolution
		{606334B0-40C6-47FE-88A9-FE31F5A85349}.Debug|Any CPU.ActiveCfg = Debug|Any CPU
		{606334B0-40C6-47FE-88A9-FE31F5A85349}.Debug|Any CPU.Build.0 = Debug|Any CPU
		{606334B0-40C6-47FE-88A9-FE31F5A85349}.Release|Any CPU.ActiveCfg = Release|Any CPU
		{606334B0-40C6-47FE-88A9-FE31F5A85349}.Release|Any CPU.Build.0 = Release|Any CPU
	EndGlobalSection
	GlobalSection(SolutionProperties) = preSolution
		HideSolutionNode = FALSE
	EndGlobalSection
	GlobalSection(ExtensibilityGlobals) = postSolution
		SolutionGuid = {86A15D1B-A456-4334-97E3-E31EEF632F21}
	EndGlobalSection
EndGlobal
